<?xml version="1.0" encoding="utf-8"?>
<Project ToolsVersion="4.0" xmlns="http://schemas.microsoft.com/developer/msbuild/2003">
  <ItemGroup>
    <Filter Include="Source Files">
      <UniqueIdentifier>{4FC737F1-C7A5-4376-A066-2A32D752A2FF}</UniqueIdentifier>
      <Extensions>cpp;c;cc;cxx;def;odl;idl;hpj;bat;asm;asmx</Extensions>
    </Filter>
    <Filter Include="Header Files">
      <UniqueIdentifier>{93995380-89BD-4b04-88EB-625FBE52EBFB}</UniqueIdentifier>
      <Extensions>h;hh;hpp;hxx;hm;inl;inc;xsd</Extensions>
    </Filter>
    <Filter Include="Resource Files">
      <UniqueIdentifier>{67DA6AB6-F800-4c08-8B7A-83BB121AAD01}</UniqueIdentifier>
      <Extensions>rc;ico;cur;bmp;dlg;rc2;rct;bin;rgs;gif;jpg;jpeg;jpe;resx;tiff;tif;png;wav;mfcribbon-ms</Extensions>
    </Filter>
    <Filter Include="Tests">
      <UniqueIdentifier>{77235069-4b75-48b6-b94d-89c41b9cb8f9}</UniqueIdentifier>
    </Filter>
    <Filter Include="Header Files\mediad">
      <UniqueIdentifier>{6486fd70-f643-428d-9d60-a98ff16c373f}</UniqueIdentifier>
    </Filter>
    <Filter Include="Header Files\osa">
      <UniqueIdentifier>{8397af57-7bc9-4665-935e-2891d4dabb06}</UniqueIdentifier>
    </Filter>
    <Filter Include="Header Files\dscv">
      <UniqueIdentifier>{efe9f9dc-fd00-43f2-a5d8-83015083a130}</UniqueIdentifier>
    </Filter>
  </ItemGroup>
  <ItemGroup>
    <ClCompile Include="tests\main.c">
      <Filter>Tests</Filter>
    </ClCompile>
    <ClCompile Include="src\mediad.c">
      <Filter>Source Files</Filter>
    </ClCompile>
    <ClCompile Include="src\debug.c">
      <Filter>Source Files</Filter>
    </ClCompile>
    <ClCompile Include="src\image_consumer_dummy.c">
      <Filter>Source Files</Filter>
    </ClCompile>
    <ClCompile Include="src\command.c">
      <Filter>Source Files</Filter>
    </ClCompile>
    <ClCompile Include="src\mediad_signal.c">
      <Filter>Source Files</Filter>
    </ClCompile>
  </ItemGroup>
  <ItemGroup>
    <ClInclude Include="include\mediad\mediad.h">
      <Filter>Header Files\mediad</Filter>
    </ClInclude>
    <ClInclude Include="include\mediad\mediad_config.h">
      <Filter>Header Files\mediad</Filter>
    </ClInclude>
    <ClInclude Include="src\mediad_pri.h">
      <Filter>Source Files</Filter>
    </ClInclude>
    <ClInclude Include="src\debug.h">
      <Filter>Source Files</Filter>
    </ClInclude>
    <ClInclude Include="src\config_pri.h">
      <Filter>Source Files</Filter>
    </ClInclude>
    <ClInclude Include="src\image_consumer.h">
      <Filter>Source Files</Filter>
    </ClInclude>
    <ClInclude Include="include\mediad\mediad_command.h">
      <Filter>Header Files</Filter>
    </ClInclude>
    <ClInclude Include="src\command.h">
      <Filter>Header Files</Filter>
    </ClInclude>
    <ClInclude Include="src\mediad_signal.h">
      <Filter>Header Files</Filter>
    </ClInclude>
    <ClInclude Include="include\mio\mio.h">
      <Filter>Header Files</Filter>
    </ClInclude>
    <ClInclude Include="include\mio\mio.hpp">
      <Filter>Header Files</Filter>
    </ClInclude>
    <ClInclude Include="include\mio\mio_camera.hpp">
      <Filter>Header Files</Filter>
    </ClInclude>
    <ClInclude Include="include\mio\mio_definitions.h">
      <Filter>Header Files</Filter>
    </ClInclude>
  </ItemGroup>
</Project>