<?xml version="1.0" encoding="utf-8"?>
<Project ToolsVersion="4.0" xmlns="http://schemas.microsoft.com/developer/msbuild/2003">
  <ItemGroup>
    <Filter Include="Source Files">
      <UniqueIdentifier>{4FC737F1-C7A5-4376-A066-2A32D752A2FF}</UniqueIdentifier>
      <Extensions>cpp;c;cc;cxx;def;odl;idl;hpj;bat;asm;asmx</Extensions>
    </Filter>
    <Filter Include="Header Files">
      <UniqueIdentifier>{93995380-89BD-4b04-88EB-625FBE52EBFB}</UniqueIdentifier>
      <Extensions>h;hh;hpp;hxx;hm;inl;inc;xsd</Extensions>
    </Filter>
    <Filter Include="Resource Files">
      <UniqueIdentifier>{67DA6AB6-F800-4c08-8B7A-83BB121AAD01}</UniqueIdentifier>
      <Extensions>rc;ico;cur;bmp;dlg;rc2;rct;bin;rgs;gif;jpg;jpeg;jpe;resx;tiff;tif;png;wav;mfcribbon-ms</Extensions>
    </Filter>
    <Filter Include="Header Files\dscv">
      <UniqueIdentifier>{0561a5e5-4f73-443a-acaa-524373b0c568}</UniqueIdentifier>
    </Filter>
    <Filter Include="Tests">
      <UniqueIdentifier>{d4d58220-4830-4142-92db-f4d620587602}</UniqueIdentifier>
    </Filter>
  </ItemGroup>
  <ItemGroup>
    <ClInclude Include="include\dscv\dscv.h">
      <Filter>Header Files\dscv</Filter>
    </ClInclude>
    <ClInclude Include="include\dscv\dscv_types.h">
      <Filter>Header Files\dscv</Filter>
    </ClInclude>
    <ClInclude Include="include\dscv\dscv_frame.hpp">
      <Filter>Header Files\dscv</Filter>
    </ClInclude>
    <ClInclude Include="src\dscv_config.h">
      <Filter>Source Files</Filter>
    </ClInclude>
    <ClInclude Include="include\dscv\dscv_definitions.h">
      <Filter>Header Files\dscv</Filter>
    </ClInclude>
    <ClInclude Include="include\dscv\dscv_calibrator.hpp">
      <Filter>Header Files\dscv</Filter>
    </ClInclude>
    <ClInclude Include="include\dscv\dscv_matutils.hpp">
      <Filter>Header Files\dscv</Filter>
    </ClInclude>
    <ClInclude Include="include\dscv\dscv_rectutils.hpp">
      <Filter>Header Files\dscv</Filter>
    </ClInclude>
    <ClInclude Include="include\dscv\dscv.hpp">
      <Filter>Header Files\dscv</Filter>
    </ClInclude>
    <ClInclude Include="tests\dscv_tests.hpp">
      <Filter>Tests</Filter>
    </ClInclude>
    <ClInclude Include="include\dscv\dscv_rectifier.hpp">
      <Filter>Header Files\dscv</Filter>
    </ClInclude>
    <ClInclude Include="include\dscv\dscv_frame.h">
      <Filter>Header Files\dscv</Filter>
    </ClInclude>
  </ItemGroup>
  <ItemGroup>
    <ClCompile Include="src\dscv_frame.cpp">
      <Filter>Source Files</Filter>
    </ClCompile>
    <ClCompile Include="src\dscv_calibrator.cpp">
      <Filter>Source Files</Filter>
    </ClCompile>
    <ClCompile Include="src\dscv_matutils.cpp">
      <Filter>Source Files</Filter>
    </ClCompile>
    <ClCompile Include="src\dscv_rectutils.cpp">
      <Filter>Source Files</Filter>
    </ClCompile>
    <ClCompile Include="tests\main.cpp">
      <Filter>Tests</Filter>
    </ClCompile>
    <ClCompile Include="tests\dscv_calibrator_test.cpp">
      <Filter>Tests</Filter>
    </ClCompile>
    <ClCompile Include="tests\dscv_frame_test.cpp">
      <Filter>Tests</Filter>
    </ClCompile>
    <ClCompile Include="src\dscv_rectifier.cpp">
      <Filter>Source Files</Filter>
    </ClCompile>
    <ClCompile Include="src\dscv_frame_c.c">
      <Filter>Source Files</Filter>
    </ClCompile>
  </ItemGroup>
</Project>